
Microsoft Visual Studio Solution File, Format Version 12.00
# Visual Studio Version 17
VisualStudioVersion = 17.4.33122.133
MinimumVisualStudioVersion = 10.0.40219.1
Project("{FAE04EC0-301F-11D3-BF4B-00C04F79EFBC}") = "Proje Final Atos", "Proje Final Atos.csproj", "{184709CB-F0CE-407A-B815-794CEAD4B07C}"
EndProject
Global
	GlobalSection(SolutionConfigurationPlatforms) = preSolution
		Debug|Any CPU = Debug|Any CPU
		Release|Any CPU = Release|Any CPU
	EndGlobalSection
	GlobalSection(ProjectConfigurationPlatforms) = postSolution
		{184709CB-F0CE-407A-B815-794CEAD4B07C}.Debug|Any CPU.ActiveCfg = Debug|Any CPU
		{184709CB-F0CE-407A-B815-794CEAD4B07C}.Debug|Any CPU.Build.0 = Debug|Any CPU
		{184709CB-F0CE-407A-B815-794CEAD4B07C}.Release|Any CPU.ActiveCfg = Release|Any CPU
		{184709CB-F0CE-407A-B815-794CEAD4B07C}.Release|Any CPU.Build.0 = Release|Any CPU
	EndGlobalSection
	GlobalSection(SolutionProperties) = preSolution
		HideSolutionNode = FALSE
	EndGlobalSection
	GlobalSection(ExtensibilityGlobals) = postSolution
		SolutionGuid = {CE919D01-F919-4399-9F69-F61F724F4C9C}
	EndGlobalSection
EndGlobal
